
Microsoft Visual Studio Solution File, Format Version 12.00
# Visual Studio Version 16
VisualStudioVersion = 16.0.29001.49
MinimumVisualStudioVersion = 10.0.40219.1
Project("{FAE04EC0-301F-11D3-BF4B-00C04F79EFBC}") = "WFGraphVisualizer", "WFGraphVisualizer\WFGraphVisualizer.csproj", "{ABE410EB-9E16-40A3-A16E-9907BF62D497}"
EndProject
Global
	GlobalSection(SolutionConfigurationPlatforms) = preSolution
		Debug|Any CPU = Debug|Any CPU
		Release|Any CPU = Release|Any CPU
	EndGlobalSection
	GlobalSection(ProjectConfigurationPlatforms) = postSolution
		{ABE410EB-9E16-40A3-A16E-9907BF62D497}.Debug|Any CPU.ActiveCfg = Debug|Any CPU
		{ABE410EB-9E16-40A3-A16E-9907BF62D497}.Debug|Any CPU.Build.0 = Debug|Any CPU
		{ABE410EB-9E16-40A3-A16E-9907BF62D497}.Release|Any CPU.ActiveCfg = Release|Any CPU
		{ABE410EB-9E16-40A3-A16E-9907BF62D497}.Release|Any CPU.Build.0 = Release|Any CPU
	EndGlobalSection
	GlobalSection(SolutionProperties) = preSolution
		HideSolutionNode = FALSE
	EndGlobalSection
	GlobalSection(ExtensibilityGlobals) = postSolution
		SolutionGuid = {FBE00123-C650-432D-B48B-715FCB4AA972}
	EndGlobalSection
EndGlobal
